// !$*UTF8*$!
{
	archiveVersion = 1;
	classes = {
	};
	objectVersion = 46;
	objects = {

/* Begin PBXBuildFile section */
		8F267EB3205BF5C9008BA133 /* ApplicationData.swift in Sources */ = {isa = PBXBuildFile; fileRef = 8F267EB1205BF5C9008BA133 /* ApplicationData.swift */; };
		8F267EB4205BF5C9008BA133 /* URLConstants.swift in Sources */ = {isa = PBXBuildFile; fileRef = 8F267EB2205BF5C9008BA133 /* URLConstants.swift */; };
		8FE9879B1EBF5BBC0024F86F /* AppDelegate.swift in Sources */ = {isa = PBXBuildFile; fileRef = 8FE9879A1EBF5BBC0024F86F /* AppDelegate.swift */; };
		8FE9879D1EBF5BBC0024F86F /* ViewController.swift in Sources */ = {isa = PBXBuildFile; fileRef = 8FE9879C1EBF5BBC0024F86F /* ViewController.swift */; };
		8FE987A01EBF5BBC0024F86F /* Main.storyboard in Resources */ = {isa = PBXBuildFile; fileRef = 8FE9879E1EBF5BBC0024F86F /* Main.storyboard */; };
		8FE987A21EBF5BBC0024F86F /* Assets.xcassets in Resources */ = {isa = PBXBuildFile; fileRef = 8FE987A11EBF5BBC0024F86F /* Assets.xcassets */; };
		8FE987A51EBF5BBC0024F86F /* LaunchScreen.storyboard in Resources */ = {isa = PBXBuildFile; fileRef = 8FE987A31EBF5BBC0024F86F /* LaunchScreen.storyboard */; };
		8FE987B01EBF5BBC0024F86F /* JaonParsingUsingAFTests.swift in Sources */ = {isa = PBXBuildFile; fileRef = 8FE987AF1EBF5BBC0024F86F /* JaonParsingUsingAFTests.swift */; };
		8FE987BB1EBF5BBC0024F86F /* JaonParsingUsingAFUITests.swift in Sources */ = {isa = PBXBuildFile; fileRef = 8FE987BA1EBF5BBC0024F86F /* JaonParsingUsingAFUITests.swift */; };
		8FE987F31EBF5BDA0024F86F /* AFHTTPSessionManager.m in Sources */ = {isa = PBXBuildFile; fileRef = 8FE987CC1EBF5BDA0024F86F /* AFHTTPSessionManager.m */; };
		8FE987F41EBF5BDA0024F86F /* AFNetworkReachabilityManager.m in Sources */ = {isa = PBXBuildFile; fileRef = 8FE987CF1EBF5BDA0024F86F /* AFNetworkReachabilityManager.m */; };
		8FE987F51EBF5BDA0024F86F /* AFSecurityPolicy.m in Sources */ = {isa = PBXBuildFile; fileRef = 8FE987D11EBF5BDA0024F86F /* AFSecurityPolicy.m */; };
		8FE987F61EBF5BDA0024F86F /* AFURLRequestSerialization.m in Sources */ = {isa = PBXBuildFile; fileRef = 8FE987D31EBF5BDA0024F86F /* AFURLRequestSerialization.m */; };
		8FE987F71EBF5BDA0024F86F /* AFURLResponseSerialization.m in Sources */ = {isa = PBXBuildFile; fileRef = 8FE987D51EBF5BDA0024F86F /* AFURLResponseSerialization.m */; };
		8FE987F81EBF5BDA0024F86F /* AFURLSessionManager.m in Sources */ = {isa = PBXBuildFile; fileRef = 8FE987D71EBF5BDA0024F86F /* AFURLSessionManager.m */; };
		8FE987F91EBF5BDA0024F86F /* LICENSE in Resources */ = {isa = PBXBuildFile; fileRef = 8FE987D81EBF5BDA0024F86F /* LICENSE */; };
		8FE987FA1EBF5BDA0024F86F /* README.md in Sources */ = {isa = PBXBuildFile; fileRef = 8FE987D91EBF5BDA0024F86F /* README.md */; };
		8FE987FB1EBF5BDA0024F86F /* AFAutoPurgingImageCache.m in Sources */ = {isa = PBXBuildFile; fileRef = 8FE987DC1EBF5BDA0024F86F /* AFAutoPurgingImageCache.m */; };
		8FE987FC1EBF5BDA0024F86F /* AFImageDownloader.m in Sources */ = {isa = PBXBuildFile; fileRef = 8FE987DE1EBF5BDA0024F86F /* AFImageDownloader.m */; };
		8FE987FD1EBF5BDA0024F86F /* AFNetworkActivityIndicatorManager.m in Sources */ = {isa = PBXBuildFile; fileRef = 8FE987E01EBF5BDA0024F86F /* AFNetworkActivityIndicatorManager.m */; };
		8FE987FE1EBF5BDA0024F86F /* UIActivityIndicatorView+AFNetworking.m in Sources */ = {isa = PBXBuildFile; fileRef = 8FE987E21EBF5BDA0024F86F /* UIActivityIndicatorView+AFNetworking.m */; };
		8FE987FF1EBF5BDA0024F86F /* UIButton+AFNetworking.m in Sources */ = {isa = PBXBuildFile; fileRef = 8FE987E41EBF5BDA0024F86F /* UIButton+AFNetworking.m */; };
		8FE988001EBF5BDA0024F86F /* UIImageView+AFNetworking.m in Sources */ = {isa = PBXBuildFile; fileRef = 8FE987E71EBF5BDA0024F86F /* UIImageView+AFNetworking.m */; };
		8FE988011EBF5BDA0024F86F /* UIProgressView+AFNetworking.m in Sources */ = {isa = PBXBuildFile; fileRef = 8FE987EA1EBF5BDA0024F86F /* UIProgressView+AFNetworking.m */; };
		8FE988021EBF5BDA0024F86F /* UIRefreshControl+AFNetworking.m in Sources */ = {isa = PBXBuildFile; fileRef = 8FE987EC1EBF5BDA0024F86F /* UIRefreshControl+AFNetworking.m */; };
		8FE988031EBF5BDA0024F86F /* UIWebView+AFNetworking.m in Sources */ = {isa = PBXBuildFile; fileRef = 8FE987EE1EBF5BDA0024F86F /* UIWebView+AFNetworking.m */; };
		8FE988041EBF5BDA0024F86F /* WebServiceCallClass.m in Sources */ = {isa = PBXBuildFile; fileRef = 8FE987F01EBF5BDA0024F86F /* WebServiceCallClass.m */; };
		8FE988051EBF5BDA0024F86F /* webserviceClass.m in Sources */ = {isa = PBXBuildFile; fileRef = 8FE987F21EBF5BDA0024F86F /* webserviceClass.m */; };
		8FE988091EBF5DE20024F86F /* UtilityClass.m in Sources */ = {isa = PBXBuildFile; fileRef = 8FE988081EBF5DE20024F86F /* UtilityClass.m */; };
/* End PBXBuildFile section */

/* Begin PBXContainerItemProxy section */
		8FE987AC1EBF5BBC0024F86F /* PBXContainerItemProxy */ = {
			isa = PBXContainerItemProxy;
			containerPortal = 8FE9878F1EBF5BBC0024F86F /* Project object */;
			proxyType = 1;
			remoteGlobalIDString = 8FE987961EBF5BBC0024F86F;
			remoteInfo = JaonParsingUsingAF;
		};
		8FE987B71EBF5BBC0024F86F /* PBXContainerItemProxy */ = {
			isa = PBXContainerItemProxy;
			containerPortal = 8FE9878F1EBF5BBC0024F86F /* Project object */;
			proxyType = 1;
			remoteGlobalIDString = 8FE987961EBF5BBC0024F86F;
			remoteInfo = JaonParsingUsingAF;
		};
/* End PBXContainerItemProxy section */

/* Begin PBXFileReference section */
		8F267EB1205BF5C9008BA133 /* ApplicationData.swift */ = {isa = PBXFileReference; fileEncoding = 4; lastKnownFileType = sourcecode.swift; path = ApplicationData.swift; sourceTree = "<group>"; };
		8F267EB2205BF5C9008BA133 /* URLConstants.swift */ = {isa = PBXFileReference; fileEncoding = 4; lastKnownFileType = sourcecode.swift; path = URLConstants.swift; sourceTree = "<group>"; };
		8FE987971EBF5BBC0024F86F /* JaonParsingUsingAF.app */ = {isa = PBXFileReference; explicitFileType = wrapper.application; includeInIndex = 0; path = JaonParsingUsingAF.app; sourceTree = BUILT_PRODUCTS_DIR; };
		8FE9879A1EBF5BBC0024F86F /* AppDelegate.swift */ = {isa = PBXFileReference; lastKnownFileType = sourcecode.swift; path = AppDelegate.swift; sourceTree = "<group>"; };
		8FE9879C1EBF5BBC0024F86F /* ViewController.swift */ = {isa = PBXFileReference; lastKnownFileType = sourcecode.swift; path = ViewController.swift; sourceTree = "<group>"; };
		8FE9879F1EBF5BBC0024F86F /* Base */ = {isa = PBXFileReference; lastKnownFileType = file.storyboard; name = Base; path = Base.lproj/Main.storyboard; sourceTree = "<group>"; };
		8FE987A11EBF5BBC0024F86F /* Assets.xcassets */ = {isa = PBXFileReference; lastKnownFileType = folder.assetcatalog; path = Assets.xcassets; sourceTree = "<group>"; };
		8FE987A41EBF5BBC0024F86F /* Base */ = {isa = PBXFileReference; lastKnownFileType = file.storyboard; name = Base; path = Base.lproj/LaunchScreen.storyboard; sourceTree = "<group>"; };
		8FE987A61EBF5BBC0024F86F /* Info.plist */ = {isa = PBXFileReference; lastKnownFileType = text.plist.xml; path = Info.plist; sourceTree = "<group>"; };
		8FE987AB1EBF5BBC0024F86F /* JaonParsingUsingAFTests.xctest */ = {isa = PBXFileReference; explicitFileType = wrapper.cfbundle; includeInIndex = 0; path = JaonParsingUsingAFTests.xctest; sourceTree = BUILT_PRODUCTS_DIR; };
		8FE987AF1EBF5BBC0024F86F /* JaonParsingUsingAFTests.swift */ = {isa = PBXFileReference; lastKnownFileType = sourcecode.swift; path = JaonParsingUsingAFTests.swift; sourceTree = "<group>"; };
		8FE987B11EBF5BBC0024F86F /* Info.plist */ = {isa = PBXFileReference; lastKnownFileType = text.plist.xml; path = Info.plist; sourceTree = "<group>"; };
		8FE987B61EBF5BBC0024F86F /* JaonParsingUsingAFUITests.xctest */ = {isa = PBXFileReference; explicitFileType = wrapper.cfbundle; includeInIndex = 0; path = JaonParsingUsingAFUITests.xctest; sourceTree = BUILT_PRODUCTS_DIR; };
		8FE987BA1EBF5BBC0024F86F /* JaonParsingUsingAFUITests.swift */ = {isa = PBXFileReference; lastKnownFileType = sourcecode.swift; path = JaonParsingUsingAFUITests.swift; sourceTree = "<group>"; };
		8FE987BC1EBF5BBC0024F86F /* Info.plist */ = {isa = PBXFileReference; lastKnownFileType = text.plist.xml; path = Info.plist; sourceTree = "<group>"; };
		8FE987CB1EBF5BDA0024F86F /* AFHTTPSessionManager.h */ = {isa = PBXFileReference; fileEncoding = 4; lastKnownFileType = sourcecode.c.h; path = AFHTTPSessionManager.h; sourceTree = "<group>"; };
		8FE987CC1EBF5BDA0024F86F /* AFHTTPSessionManager.m */ = {isa = PBXFileReference; fileEncoding = 4; lastKnownFileType = sourcecode.c.objc; path = AFHTTPSessionManager.m; sourceTree = "<group>"; };
		8FE987CD1EBF5BDA0024F86F /* AFNetworking.h */ = {isa = PBXFileReference; fileEncoding = 4; lastKnownFileType = sourcecode.c.h; path = AFNetworking.h; sourceTree = "<group>"; };
		8FE987CE1EBF5BDA0024F86F /* AFNetworkReachabilityManager.h */ = {isa = PBXFileReference; fileEncoding = 4; lastKnownFileType = sourcecode.c.h; path = AFNetworkReachabilityManager.h; sourceTree = "<group>"; };
		8FE987CF1EBF5BDA0024F86F /* AFNetworkReachabilityManager.m */ = {isa = PBXFileReference; fileEncoding = 4; lastKnownFileType = sourcecode.c.objc; path = AFNetworkReachabilityManager.m; sourceTree = "<group>"; };
		8FE987D01EBF5BDA0024F86F /* AFSecurityPolicy.h */ = {isa = PBXFileReference; fileEncoding = 4; lastKnownFileType = sourcecode.c.h; path = AFSecurityPolicy.h; sourceTree = "<group>"; };
		8FE987D11EBF5BDA0024F86F /* AFSecurityPolicy.m */ = {isa = PBXFileReference; fileEncoding = 4; lastKnownFileType = sourcecode.c.objc; path = AFSecurityPolicy.m; sourceTree = "<group>"; };
		8FE987D21EBF5BDA0024F86F /* AFURLRequestSerialization.h */ = {isa = PBXFileReference; fileEncoding = 4; lastKnownFileType = sourcecode.c.h; path = AFURLRequestSerialization.h; sourceTree = "<group>"; };
		8FE987D31EBF5BDA0024F86F /* AFURLRequestSerialization.m */ = {isa = PBXFileReference; fileEncoding = 4; lastKnownFileType = sourcecode.c.objc; path = AFURLRequestSerialization.m; sourceTree = "<group>"; };
		8FE987D41EBF5BDA0024F86F /* AFURLResponseSerialization.h */ = {isa = PBXFileReference; fileEncoding = 4; lastKnownFileType = sourcecode.c.h; path = AFURLResponseSerialization.h; sourceTree = "<group>"; };
		8FE987D51EBF5BDA0024F86F /* AFURLResponseSerialization.m */ = {isa = PBXFileReference; fileEncoding = 4; lastKnownFileType = sourcecode.c.objc; path = AFURLResponseSerialization.m; sourceTree = "<group>"; };
		8FE987D61EBF5BDA0024F86F /* AFURLSessionManager.h */ = {isa = PBXFileReference; fileEncoding = 4; lastKnownFileType = sourcecode.c.h; path = AFURLSessionManager.h; sourceTree = "<group>"; };
		8FE987D71EBF5BDA0024F86F /* AFURLSessionManager.m */ = {isa = PBXFileReference; fileEncoding = 4; lastKnownFileType = sourcecode.c.objc; path = AFURLSessionManager.m; sourceTree = "<group>"; };
		8FE987D81EBF5BDA0024F86F /* LICENSE */ = {isa = PBXFileReference; fileEncoding = 4; lastKnownFileType = text; path = LICENSE; sourceTree = "<group>"; };
		8FE987D91EBF5BDA0024F86F /* README.md */ = {isa = PBXFileReference; fileEncoding = 4; lastKnownFileType = net.daringfireball.markdown; path = README.md; sourceTree = "<group>"; };
		8FE987DB1EBF5BDA0024F86F /* AFAutoPurgingImageCache.h */ = {isa = PBXFileReference; fileEncoding = 4; lastKnownFileType = sourcecode.c.h; path = AFAutoPurgingImageCache.h; sourceTree = "<group>"; };
		8FE987DC1EBF5BDA0024F86F /* AFAutoPurgingImageCache.m */ = {isa = PBXFileReference; fileEncoding = 4; lastKnownFileType = sourcecode.c.objc; path = AFAutoPurgingImageCache.m; sourceTree = "<group>"; };
		8FE987DD1EBF5BDA0024F86F /* AFImageDownloader.h */ = {isa = PBXFileReference; fileEncoding = 4; lastKnownFileType = sourcecode.c.h; path = AFImageDownloader.h; sourceTree = "<group>"; };
		8FE987DE1EBF5BDA0024F86F /* AFImageDownloader.m */ = {isa = PBXFileReference; fileEncoding = 4; lastKnownFileType = sourcecode.c.objc; path = AFImageDownloader.m; sourceTree = "<group>"; };
		8FE987DF1EBF5BDA0024F86F /* AFNetworkActivityIndicatorManager.h */ = {isa = PBXFileReference; fileEncoding = 4; lastKnownFileType = sourcecode.c.h; path = AFNetworkActivityIndicatorManager.h; sourceTree = "<group>"; };
		8FE987E01EBF5BDA0024F86F /* AFNetworkActivityIndicatorManager.m */ = {isa = PBXFileReference; fileEncoding = 4; lastKnownFileType = sourcecode.c.objc; path = AFNetworkActivityIndicatorManager.m; sourceTree = "<group>"; };
		8FE987E11EBF5BDA0024F86F /* UIActivityIndicatorView+AFNetworking.h */ = {isa = PBXFileReference; fileEncoding = 4; lastKnownFileType = sourcecode.c.h; path = "UIActivityIndicatorView+AFNetworking.h"; sourceTree = "<group>"; };
		8FE987E21EBF5BDA0024F86F /* UIActivityIndicatorView+AFNetworking.m */ = {isa = PBXFileReference; fileEncoding = 4; lastKnownFileType = sourcecode.c.objc; path = "UIActivityIndicatorView+AFNetworking.m"; sourceTree = "<group>"; };
		8FE987E31EBF5BDA0024F86F /* UIButton+AFNetworking.h */ = {isa = PBXFileReference; fileEncoding = 4; lastKnownFileType = sourcecode.c.h; path = "UIButton+AFNetworking.h"; sourceTree = "<group>"; };
		8FE987E41EBF5BDA0024F86F /* UIButton+AFNetworking.m */ = {isa = PBXFileReference; fileEncoding = 4; lastKnownFileType = sourcecode.c.objc; path = "UIButton+AFNetworking.m"; sourceTree = "<group>"; };
		8FE987E51EBF5BDA0024F86F /* UIImage+AFNetworking.h */ = {isa = PBXFileReference; fileEncoding = 4; lastKnownFileType = sourcecode.c.h; path = "UIImage+AFNetworking.h"; sourceTree = "<group>"; };
		8FE987E61EBF5BDA0024F86F /* UIImageView+AFNetworking.h */ = {isa = PBXFileReference; fileEncoding = 4; lastKnownFileType = sourcecode.c.h; path = "UIImageView+AFNetworking.h"; sourceTree = "<group>"; };
		8FE987E71EBF5BDA0024F86F /* UIImageView+AFNetworking.m */ = {isa = PBXFileReference; fileEncoding = 4; lastKnownFileType = sourcecode.c.objc; path = "UIImageView+AFNetworking.m"; sourceTree = "<group>"; };
		8FE987E81EBF5BDA0024F86F /* UIKit+AFNetworking.h */ = {isa = PBXFileReference; fileEncoding = 4; lastKnownFileType = sourcecode.c.h; path = "UIKit+AFNetworking.h"; sourceTree = "<group>"; };
		8FE987E91EBF5BDA0024F86F /* UIProgressView+AFNetworking.h */ = {isa = PBXFileReference; fileEncoding = 4; lastKnownFileType = sourcecode.c.h; path = "UIProgressView+AFNetworking.h"; sourceTree = "<group>"; };
		8FE987EA1EBF5BDA0024F86F /* UIProgressView+AFNetworking.m */ = {isa = PBXFileReference; fileEncoding = 4; lastKnownFileType = sourcecode.c.objc; path = "UIProgressView+AFNetworking.m"; sourceTree = "<group>"; };
		8FE987EB1EBF5BDA0024F86F /* UIRefreshControl+AFNetworking.h */ = {isa = PBXFileReference; fileEncoding = 4; lastKnownFileType = sourcecode.c.h; path = "UIRefreshControl+AFNetworking.h"; sourceTree = "<group>"; };
		8FE987EC1EBF5BDA0024F86F /* UIRefreshControl+AFNetworking.m */ = {isa = PBXFileReference; fileEncoding = 4; lastKnownFileType = sourcecode.c.objc; path = "UIRefreshControl+AFNetworking.m"; sourceTree = "<group>"; };
		8FE987ED1EBF5BDA0024F86F /* UIWebView+AFNetworking.h */ = {isa = PBXFileReference; fileEncoding = 4; lastKnownFileType = sourcecode.c.h; path = "UIWebView+AFNetworking.h"; sourceTree = "<group>"; };
		8FE987EE1EBF5BDA0024F86F /* UIWebView+AFNetworking.m */ = {isa = PBXFileReference; fileEncoding = 4; lastKnownFileType = sourcecode.c.objc; path = "UIWebView+AFNetworking.m"; sourceTree = "<group>"; };
		8FE987EF1EBF5BDA0024F86F /* WebServiceCallClass.h */ = {isa = PBXFileReference; fileEncoding = 4; lastKnownFileType = sourcecode.c.h; path = WebServiceCallClass.h; sourceTree = "<group>"; };
		8FE987F01EBF5BDA0024F86F /* WebServiceCallClass.m */ = {isa = PBXFileReference; fileEncoding = 4; lastKnownFileType = sourcecode.c.objc; path = WebServiceCallClass.m; sourceTree = "<group>"; };
		8FE987F11EBF5BDA0024F86F /* webserviceClass.h */ = {isa = PBXFileReference; fileEncoding = 4; lastKnownFileType = sourcecode.c.h; path = webserviceClass.h; sourceTree = "<group>"; };
		8FE987F21EBF5BDA0024F86F /* webserviceClass.m */ = {isa = PBXFileReference; fileEncoding = 4; lastKnownFileType = sourcecode.c.objc; path = webserviceClass.m; sourceTree = "<group>"; };
		8FE988061EBF5C070024F86F /* JaonParsingUsingAF-Bridging-Header.h */ = {isa = PBXFileReference; lastKnownFileType = sourcecode.c.h; path = "JaonParsingUsingAF-Bridging-Header.h"; sourceTree = "<group>"; };
		8FE988071EBF5DE20024F86F /* UtilityClass.h */ = {isa = PBXFileReference; fileEncoding = 4; lastKnownFileType = sourcecode.c.h; path = UtilityClass.h; sourceTree = "<group>"; };
		8FE988081EBF5DE20024F86F /* UtilityClass.m */ = {isa = PBXFileReference; fileEncoding = 4; lastKnownFileType = sourcecode.c.objc; path = UtilityClass.m; sourceTree = "<group>"; };
/* End PBXFileReference section */

/* Begin PBXFrameworksBuildPhase section */
		8FE987941EBF5BBC0024F86F /* Frameworks */ = {
			isa = PBXFrameworksBuildPhase;
			buildActionMask = 2147483647;
			files = (
			);
			runOnlyForDeploymentPostprocessing = 0;
		};
		8FE987A81EBF5BBC0024F86F /* Frameworks */ = {
			isa = PBXFrameworksBuildPhase;
			buildActionMask = 2147483647;
			files = (
			);
			runOnlyForDeploymentPostprocessing = 0;
		};
		8FE987B31EBF5BBC0024F86F /* Frameworks */ = {
			isa = PBXFrameworksBuildPhase;
			buildActionMask = 2147483647;
			files = (
			);
			runOnlyForDeploymentPostprocessing = 0;
		};
/* End PBXFrameworksBuildPhase section */

/* Begin PBXGroup section */
		8F267EB0205BF5C9008BA133 /* GlobalClass */ = {
			isa = PBXGroup;
			children = (
				8F267EB1205BF5C9008BA133 /* ApplicationData.swift */,
				8F267EB2205BF5C9008BA133 /* URLConstants.swift */,
			);
			path = GlobalClass;
			sourceTree = "<group>";
		};
		8FE9878E1EBF5BBC0024F86F = {
			isa = PBXGroup;
			children = (
				8FE987991EBF5BBC0024F86F /* JaonParsingUsingAF */,
				8FE987AE1EBF5BBC0024F86F /* JaonParsingUsingAFTests */,
				8FE987B91EBF5BBC0024F86F /* JaonParsingUsingAFUITests */,
				8FE987981EBF5BBC0024F86F /* Products */,
			);
			sourceTree = "<group>";
		};
		8FE987981EBF5BBC0024F86F /* Products */ = {
			isa = PBXGroup;
			children = (
				8FE987971EBF5BBC0024F86F /* JaonParsingUsingAF.app */,
				8FE987AB1EBF5BBC0024F86F /* JaonParsingUsingAFTests.xctest */,
				8FE987B61EBF5BBC0024F86F /* JaonParsingUsingAFUITests.xctest */,
			);
			name = Products;
			sourceTree = "<group>";
		};
		8FE987991EBF5BBC0024F86F /* JaonParsingUsingAF */ = {
			isa = PBXGroup;
			children = (
				8F267EB0205BF5C9008BA133 /* GlobalClass */,
				8FE987C81EBF5BDA0024F86F /* Webservices */,
				8FE9879A1EBF5BBC0024F86F /* AppDelegate.swift */,
				8FE9879C1EBF5BBC0024F86F /* ViewController.swift */,
				8FE988071EBF5DE20024F86F /* UtilityClass.h */,
				8FE988081EBF5DE20024F86F /* UtilityClass.m */,
				8FE9879E1EBF5BBC0024F86F /* Main.storyboard */,
				8FE987A11EBF5BBC0024F86F /* Assets.xcassets */,
				8FE987A31EBF5BBC0024F86F /* LaunchScreen.storyboard */,
				8FE987A61EBF5BBC0024F86F /* Info.plist */,
				8FE988061EBF5C070024F86F /* JaonParsingUsingAF-Bridging-Header.h */,
			);
			path = JaonParsingUsingAF;
			sourceTree = "<group>";
		};
		8FE987AE1EBF5BBC0024F86F /* JaonParsingUsingAFTests */ = {
			isa = PBXGroup;
			children = (
				8FE987AF1EBF5BBC0024F86F /* JaonParsingUsingAFTests.swift */,
				8FE987B11EBF5BBC0024F86F /* Info.plist */,
			);
			path = JaonParsingUsingAFTests;
			sourceTree = "<group>";
		};
		8FE987B91EBF5BBC0024F86F /* JaonParsingUsingAFUITests */ = {
			isa = PBXGroup;
			children = (
				8FE987BA1EBF5BBC0024F86F /* JaonParsingUsingAFUITests.swift */,
				8FE987BC1EBF5BBC0024F86F /* Info.plist */,
			);
			path = JaonParsingUsingAFUITests;
			sourceTree = "<group>";
		};
		8FE987C81EBF5BDA0024F86F /* Webservices */ = {
			isa = PBXGroup;
			children = (
				8FE987C91EBF5BDA0024F86F /* AFNetworking */,
				8FE987EF1EBF5BDA0024F86F /* WebServiceCallClass.h */,
				8FE987F01EBF5BDA0024F86F /* WebServiceCallClass.m */,
				8FE987F11EBF5BDA0024F86F /* webserviceClass.h */,
				8FE987F21EBF5BDA0024F86F /* webserviceClass.m */,
			);
			path = Webservices;
			sourceTree = "<group>";
		};
		8FE987C91EBF5BDA0024F86F /* AFNetworking */ = {
			isa = PBXGroup;
			children = (
				8FE987CA1EBF5BDA0024F86F /* AFNetworking */,
				8FE987D81EBF5BDA0024F86F /* LICENSE */,
				8FE987D91EBF5BDA0024F86F /* README.md */,
				8FE987DA1EBF5BDA0024F86F /* UIKit+AFNetworking */,
			);
			path = AFNetworking;
			sourceTree = "<group>";
		};
		8FE987CA1EBF5BDA0024F86F /* AFNetworking */ = {
			isa = PBXGroup;
			children = (
				8FE987CB1EBF5BDA0024F86F /* AFHTTPSessionManager.h */,
				8FE987CC1EBF5BDA0024F86F /* AFHTTPSessionManager.m */,
				8FE987CD1EBF5BDA0024F86F /* AFNetworking.h */,
				8FE987CE1EBF5BDA0024F86F /* AFNetworkReachabilityManager.h */,
				8FE987CF1EBF5BDA0024F86F /* AFNetworkReachabilityManager.m */,
				8FE987D01EBF5BDA0024F86F /* AFSecurityPolicy.h */,
				8FE987D11EBF5BDA0024F86F /* AFSecurityPolicy.m */,
				8FE987D21EBF5BDA0024F86F /* AFURLRequestSerialization.h */,
				8FE987D31EBF5BDA0024F86F /* AFURLRequestSerialization.m */,
				8FE987D41EBF5BDA0024F86F /* AFURLResponseSerialization.h */,
				8FE987D51EBF5BDA0024F86F /* AFURLResponseSerialization.m */,
				8FE987D61EBF5BDA0024F86F /* AFURLSessionManager.h */,
				8FE987D71EBF5BDA0024F86F /* AFURLSessionManager.m */,
			);
			path = AFNetworking;
			sourceTree = "<group>";
		};
		8FE987DA1EBF5BDA0024F86F /* UIKit+AFNetworking */ = {
			isa = PBXGroup;
			children = (
				8FE987DB1EBF5BDA0024F86F /* AFAutoPurgingImageCache.h */,
				8FE987DC1EBF5BDA0024F86F /* AFAutoPurgingImageCache.m */,
				8FE987DD1EBF5BDA0024F86F /* AFImageDownloader.h */,
				8FE987DE1EBF5BDA0024F86F /* AFImageDownloader.m */,
				8FE987DF1EBF5BDA0024F86F /* AFNetworkActivityIndicatorManager.h */,
				8FE987E01EBF5BDA0024F86F /* AFNetworkActivityIndicatorManager.m */,
				8FE987E11EBF5BDA0024F86F /* UIActivityIndicatorView+AFNetworking.h */,
				8FE987E21EBF5BDA0024F86F /* UIActivityIndicatorView+AFNetworking.m */,
				8FE987E31EBF5BDA0024F86F /* UIButton+AFNetworking.h */,
				8FE987E41EBF5BDA0024F86F /* UIButton+AFNetworking.m */,
				8FE987E51EBF5BDA0024F86F /* UIImage+AFNetworking.h */,
				8FE987E61EBF5BDA0024F86F /* UIImageView+AFNetworking.h */,
				8FE987E71EBF5BDA0024F86F /* UIImageView+AFNetworking.m */,
				8FE987E81EBF5BDA0024F86F /* UIKit+AFNetworking.h */,
				8FE987E91EBF5BDA0024F86F /* UIProgressView+AFNetworking.h */,
				8FE987EA1EBF5BDA0024F86F /* UIProgressView+AFNetworking.m */,
				8FE987EB1EBF5BDA0024F86F /* UIRefreshControl+AFNetworking.h */,
				8FE987EC1EBF5BDA0024F86F /* UIRefreshControl+AFNetworking.m */,
				8FE987ED1EBF5BDA0024F86F /* UIWebView+AFNetworking.h */,
				8FE987EE1EBF5BDA0024F86F /* UIWebView+AFNetworking.m */,
			);
			path = "UIKit+AFNetworking";
			sourceTree = "<group>";
		};
/* End PBXGroup section */

/* Begin PBXNativeTarget section */
		8FE987961EBF5BBC0024F86F /* JaonParsingUsingAF */ = {
			isa = PBXNativeTarget;
			buildConfigurationList = 8FE987BF1EBF5BBC0024F86F /* Build configuration list for PBXNativeTarget "JaonParsingUsingAF" */;
			buildPhases = (
				8FE987931EBF5BBC0024F86F /* Sources */,
				8FE987941EBF5BBC0024F86F /* Frameworks */,
				8FE987951EBF5BBC0024F86F /* Resources */,
			);
			buildRules = (
			);
			dependencies = (
			);
			name = JaonParsingUsingAF;
			productName = JaonParsingUsingAF;
			productReference = 8FE987971EBF5BBC0024F86F /* JaonParsingUsingAF.app */;
			productType = "com.apple.product-type.application";
		};
		8FE987AA1EBF5BBC0024F86F /* JaonParsingUsingAFTests */ = {
			isa = PBXNativeTarget;
			buildConfigurationList = 8FE987C21EBF5BBC0024F86F /* Build configuration list for PBXNativeTarget "JaonParsingUsingAFTests" */;
			buildPhases = (
				8FE987A71EBF5BBC0024F86F /* Sources */,
				8FE987A81EBF5BBC0024F86F /* Frameworks */,
				8FE987A91EBF5BBC0024F86F /* Resources */,
			);
			buildRules = (
			);
			dependencies = (
				8FE987AD1EBF5BBC0024F86F /* PBXTargetDependency */,
			);
			name = JaonParsingUsingAFTests;
			productName = JaonParsingUsingAFTests;
			productReference = 8FE987AB1EBF5BBC0024F86F /* JaonParsingUsingAFTests.xctest */;
			productType = "com.apple.product-type.bundle.unit-test";
		};
		8FE987B51EBF5BBC0024F86F /* JaonParsingUsingAFUITests */ = {
			isa = PBXNativeTarget;
			buildConfigurationList = 8FE987C51EBF5BBC0024F86F /* Build configuration list for PBXNativeTarget "JaonParsingUsingAFUITests" */;
			buildPhases = (
				8FE987B21EBF5BBC0024F86F /* Sources */,
				8FE987B31EBF5BBC0024F86F /* Frameworks */,
				8FE987B41EBF5BBC0024F86F /* Resources */,
			);
			buildRules = (
			);
			dependencies = (
				8FE987B81EBF5BBC0024F86F /* PBXTargetDependency */,
			);
			name = JaonParsingUsingAFUITests;
			productName = JaonParsingUsingAFUITests;
			productReference = 8FE987B61EBF5BBC0024F86F /* JaonParsingUsingAFUITests.xctest */;
			productType = "com.apple.product-type.bundle.ui-testing";
		};
/* End PBXNativeTarget section */

/* Begin PBXProject section */
		8FE9878F1EBF5BBC0024F86F /* Project object */ = {
			isa = PBXProject;
			attributes = {
				LastSwiftUpdateCheck = 0830;
				LastUpgradeCheck = 0830;
				ORGANIZATIONNAME = "Prashant Prajapati";
				TargetAttributes = {
					8FE987961EBF5BBC0024F86F = {
						CreatedOnToolsVersion = 8.3.2;
						ProvisioningStyle = Automatic;
					};
					8FE987AA1EBF5BBC0024F86F = {
						CreatedOnToolsVersion = 8.3.2;
						ProvisioningStyle = Automatic;
						TestTargetID = 8FE987961EBF5BBC0024F86F;
					};
					8FE987B51EBF5BBC0024F86F = {
						CreatedOnToolsVersion = 8.3.2;
						ProvisioningStyle = Automatic;
						TestTargetID = 8FE987961EBF5BBC0024F86F;
					};
				};
			};
			buildConfigurationList = 8FE987921EBF5BBC0024F86F /* Build configuration list for PBXProject "JaonParsingUsingAF" */;
			compatibilityVersion = "Xcode 3.2";
			developmentRegion = English;
			hasScannedForEncodings = 0;
			knownRegions = (
				en,
				Base,
			);
			mainGroup = 8FE9878E1EBF5BBC0024F86F;
			productRefGroup = 8FE987981EBF5BBC0024F86F /* Products */;
			projectDirPath = "";
			projectRoot = "";
			targets = (
				8FE987961EBF5BBC0024F86F /* JaonParsingUsingAF */,
				8FE987AA1EBF5BBC0024F86F /* JaonParsingUsingAFTests */,
				8FE987B51EBF5BBC0024F86F /* JaonParsingUsingAFUITests */,
			);
		};
/* End PBXProject section */

/* Begin PBXResourcesBuildPhase section */
		8FE987951EBF5BBC0024F86F /* Resources */ = {
			isa = PBXResourcesBuildPhase;
			buildActionMask = 2147483647;
			files = (
				8FE987A51EBF5BBC0024F86F /* LaunchScreen.storyboard in Resources */,
				8FE987A21EBF5BBC0024F86F /* Assets.xcassets in Resources */,
				8FE987F91EBF5BDA0024F86F /* LICENSE in Resources */,
				8FE987A01EBF5BBC0024F86F /* Main.storyboard in Resources */,
			);
			runOnlyForDeploymentPostprocessing = 0;
		};
		8FE987A91EBF5BBC0024F86F /* Resources */ = {
			isa = PBXResourcesBuildPhase;
			buildActionMask = 2147483647;
			files = (
			);
			runOnlyForDeploymentPostprocessing = 0;
		};
		8FE987B41EBF5BBC0024F86F /* Resources */ = {
			isa = PBXResourcesBuildPhase;
			buildActionMask = 2147483647;
			files = (
			);
			runOnlyForDeploymentPostprocessing = 0;
		};
/* End PBXResourcesBuildPhase section */

/* Begin PBXSourcesBuildPhase section */
		8FE987931EBF5BBC0024F86F /* Sources */ = {
			isa = PBXSourcesBuildPhase;
			buildActionMask = 2147483647;
			files = (
				8FE988011EBF5BDA0024F86F /* UIProgressView+AFNetworking.m in Sources */,
				8FE987F31EBF5BDA0024F86F /* AFHTTPSessionManager.m in Sources */,
				8FE988031EBF5BDA0024F86F /* UIWebView+AFNetworking.m in Sources */,
				8FE988001EBF5BDA0024F86F /* UIImageView+AFNetworking.m in Sources */,
				8FE988091EBF5DE20024F86F /* UtilityClass.m in Sources */,
				8FE987F81EBF5BDA0024F86F /* AFURLSessionManager.m in Sources */,
				8FE988051EBF5BDA0024F86F /* webserviceClass.m in Sources */,
				8FE987FF1EBF5BDA0024F86F /* UIButton+AFNetworking.m in Sources */,
				8FE987F51EBF5BDA0024F86F /* AFSecurityPolicy.m in Sources */,
				8FE9879D1EBF5BBC0024F86F /* ViewController.swift in Sources */,
				8FE988021EBF5BDA0024F86F /* UIRefreshControl+AFNetworking.m in Sources */,
				8FE987F61EBF5BDA0024F86F /* AFURLRequestSerialization.m in Sources */,
				8FE987FB1EBF5BDA0024F86F /* AFAutoPurgingImageCache.m in Sources */,
				8FE987F41EBF5BDA0024F86F /* AFNetworkReachabilityManager.m in Sources */,
				8F267EB3205BF5C9008BA133 /* ApplicationData.swift in Sources */,
				8FE987FA1EBF5BDA0024F86F /* README.md in Sources */,
				8FE987FD1EBF5BDA0024F86F /* AFNetworkActivityIndicatorManager.m in Sources */,
				8F267EB4205BF5C9008BA133 /* URLConstants.swift in Sources */,
				8FE987F71EBF5BDA0024F86F /* AFURLResponseSerialization.m in Sources */,
				8FE988041EBF5BDA0024F86F /* WebServiceCallClass.m in Sources */,
				8FE9879B1EBF5BBC0024F86F /* AppDelegate.swift in Sources */,
				8FE987FC1EBF5BDA0024F86F /* AFImageDownloader.m in Sources */,
				8FE987FE1EBF5BDA0024F86F /* UIActivityIndicatorView+AFNetworking.m in Sources */,
			);
			runOnlyForDeploymentPostprocessing = 0;
		};
		8FE987A71EBF5BBC0024F86F /* Sources */ = {
			isa = PBXSourcesBuildPhase;
			buildActionMask = 2147483647;
			files = (
				8FE987B01EBF5BBC0024F86F /* JaonParsingUsingAFTests.swift in Sources */,
			);
			runOnlyForDeploymentPostprocessing = 0;
		};
		8FE987B21EBF5BBC0024F86F /* Sources */ = {
			isa = PBXSourcesBuildPhase;
			buildActionMask = 2147483647;
			files = (
				8FE987BB1EBF5BBC0024F86F /* JaonParsingUsingAFUITests.swift in Sources */,
			);
			runOnlyForDeploymentPostprocessing = 0;
		};
/* End PBXSourcesBuildPhase section */

/* Begin PBXTargetDependency section */
		8FE987AD1EBF5BBC0024F86F /* PBXTargetDependency */ = {
			isa = PBXTargetDependency;
			target = 8FE987961EBF5BBC0024F86F /* JaonParsingUsingAF */;
			targetProxy = 8FE987AC1EBF5BBC0024F86F /* PBXContainerItemProxy */;
		};
		8FE987B81EBF5BBC0024F86F /* PBXTargetDependency */ = {
			isa = PBXTargetDependency;
			target = 8FE987961EBF5BBC0024F86F /* JaonParsingUsingAF */;
			targetProxy = 8FE987B71EBF5BBC0024F86F /* PBXContainerItemProxy */;
		};
/* End PBXTargetDependency section */

/* Begin PBXVariantGroup section */
		8FE9879E1EBF5BBC0024F86F /* Main.storyboard */ = {
			isa = PBXVariantGroup;
			children = (
				8FE9879F1EBF5BBC0024F86F /* Base */,
			);
			name = Main.storyboard;
			sourceTree = "<group>";
		};
		8FE987A31EBF5BBC0024F86F /* LaunchScreen.storyboard */ = {
			isa = PBXVariantGroup;
			children = (
				8FE987A41EBF5BBC0024F86F /* Base */,
			);
			name = LaunchScreen.storyboard;
			sourceTree = "<group>";
		};
/* End PBXVariantGroup section */

/* Begin XCBuildConfiguration section */
		8FE987BD1EBF5BBC0024F86F /* Debug */ = {
			isa = XCBuildConfiguration;
			buildSettings = {
				ALWAYS_SEARCH_USER_PATHS = NO;
				CLANG_ANALYZER_NONNULL = YES;
				CLANG_ANALYZER_NUMBER_OBJECT_CONVERSION = YES_AGGRESSIVE;
				CLANG_CXX_LANGUAGE_STANDARD = "gnu++0x";
				CLANG_CXX_LIBRARY = "libc++";
				CLANG_ENABLE_MODULES = YES;
				CLANG_ENABLE_OBJC_ARC = YES;
				CLANG_WARN_BOOL_CONVERSION = YES;
				CLANG_WARN_CONSTANT_CONVERSION = YES;
				CLANG_WARN_DIRECT_OBJC_ISA_USAGE = YES_ERROR;
				CLANG_WARN_DOCUMENTATION_COMMENTS = YES;
				CLANG_WARN_EMPTY_BODY = YES;
				CLANG_WARN_ENUM_CONVERSION = YES;
				CLANG_WARN_INFINITE_RECURSION = YES;
				CLANG_WARN_INT_CONVERSION = YES;
				CLANG_WARN_OBJC_ROOT_CLASS = YES_ERROR;
				CLANG_WARN_SUSPICIOUS_MOVE = YES;
				CLANG_WARN_UNREACHABLE_CODE = YES;
				CLANG_WARN__DUPLICATE_METHOD_MATCH = YES;
				"CODE_SIGN_IDENTITY[sdk=iphoneos*]" = "iPhone Developer";
				COPY_PHASE_STRIP = NO;
				DEBUG_INFORMATION_FORMAT = dwarf;
				ENABLE_STRICT_OBJC_MSGSEND = YES;
				ENABLE_TESTABILITY = YES;
				GCC_C_LANGUAGE_STANDARD = gnu99;
				GCC_DYNAMIC_NO_PIC = NO;
				GCC_NO_COMMON_BLOCKS = YES;
				GCC_OPTIMIZATION_LEVEL = 0;
				GCC_PREPROCESSOR_DEFINITIONS = (
					"DEBUG=1",
					"$(inherited)",
				);
				GCC_WARN_64_TO_32_BIT_CONVERSION = YES;
				GCC_WARN_ABOUT_RETURN_TYPE = YES_ERROR;
				GCC_WARN_UNDECLARED_SELECTOR = YES;
				GCC_WARN_UNINITIALIZED_AUTOS = YES_AGGRESSIVE;
				GCC_WARN_UNUSED_FUNCTION = YES;
				GCC_WARN_UNUSED_VARIABLE = YES;
				IPHONEOS_DEPLOYMENT_TARGET = 10.3;
				MTL_ENABLE_DEBUG_INFO = YES;
				ONLY_ACTIVE_ARCH = YES;
				SDKROOT = iphoneos;
				SWIFT_ACTIVE_COMPILATION_CONDITIONS = DEBUG;
				SWIFT_OPTIMIZATION_LEVEL = "-Onone";
				TARGETED_DEVICE_FAMILY = "1,2";
			};
			name = Debug;
		};
		8FE987BE1EBF5BBC0024F86F /* Release */ = {
			isa = XCBuildConfiguration;
			buildSettings = {
				ALWAYS_SEARCH_USER_PATHS = NO;
				CLANG_ANALYZER_NONNULL = YES;
				CLANG_ANALYZER_NUMBER_OBJECT_CONVERSION = YES_AGGRESSIVE;
				CLANG_CXX_LANGUAGE_STANDARD = "gnu++0x";
				CLANG_CXX_LIBRARY = "libc++";
				CLANG_ENABLE_MODULES = YES;
				CLANG_ENABLE_OBJC_ARC = YES;
				CLANG_WARN_BOOL_CONVERSION = YES;
				CLANG_WARN_CONSTANT_CONVERSION = YES;
				CLANG_WARN_DIRECT_OBJC_ISA_USAGE = YES_ERROR;
				CLANG_WARN_DOCUMENTATION_COMMENTS = YES;
				CLANG_WARN_EMPTY_BODY = YES;
				CLANG_WARN_ENUM_CONVERSION = YES;
				CLANG_WARN_INFINITE_RECURSION = YES;
				CLANG_WARN_INT_CONVERSION = YES;
				CLANG_WARN_OBJC_ROOT_CLASS = YES_ERROR;
				CLANG_WARN_SUSPICIOUS_MOVE = YES;
				CLANG_WARN_UNREACHABLE_CODE = YES;
				CLANG_WARN__DUPLICATE_METHOD_MATCH = YES;
				"CODE_SIGN_IDENTITY[sdk=iphoneos*]" = "iPhone Developer";
				COPY_PHASE_STRIP = NO;
				DEBUG_INFORMATION_FORMAT = "dwarf-with-dsym";
				ENABLE_NS_ASSERTIONS = NO;
				ENABLE_STRICT_OBJC_MSGSEND = YES;
				GCC_C_LANGUAGE_STANDARD = gnu99;
				GCC_NO_COMMON_BLOCKS = YES;
				GCC_WARN_64_TO_32_BIT_CONVERSION = YES;
				GCC_WARN_ABOUT_RETURN_TYPE = YES_ERROR;
				GCC_WARN_UNDECLARED_SELECTOR = YES;
				GCC_WARN_UNINITIALIZED_AUTOS = YES_AGGRESSIVE;
				GCC_WARN_UNUSED_FUNCTION = YES;
				GCC_WARN_UNUSED_VARIABLE = YES;
				IPHONEOS_DEPLOYMENT_TARGET = 10.3;
				MTL_ENABLE_DEBUG_INFO = NO;
				SDKROOT = iphoneos;
				SWIFT_OPTIMIZATION_LEVEL = "-Owholemodule";
				TARGETED_DEVICE_FAMILY = "1,2";
				VALIDATE_PRODUCT = YES;
			};
			name = Release;
		};
		8FE987C01EBF5BBC0024F86F /* Debug */ = {
			isa = XCBuildConfiguration;
			buildSettings = {
				ASSETCATALOG_COMPILER_APPICON_NAME = AppIcon;
				INFOPLIST_FILE = JaonParsingUsingAF/Info.plist;
				LD_RUNPATH_SEARCH_PATHS = "$(inherited) @executable_path/Frameworks";
				PRODUCT_BUNDLE_IDENTIFIER = com.prashant.JaonParsingUsingAF;
				PRODUCT_NAME = "$(TARGET_NAME)";
				SWIFT_OBJC_BRIDGING_HEADER = "/Users/prashant/Downloads/JaonParsingUsingAF/JaonParsingUsingAF/JaonParsingUsingAF-Bridging-Header.h";
				SWIFT_VERSION = 3.0;
			};
			name = Debug;
		};
		8FE987C11EBF5BBC0024F86F /* Release */ = {
			isa = XCBuildConfiguration;
			buildSettings = {
				ASSETCATALOG_COMPILER_APPICON_NAME = AppIcon;
				INFOPLIST_FILE = JaonParsingUsingAF/Info.plist;
				LD_RUNPATH_SEARCH_PATHS = "$(inherited) @executable_path/Frameworks";
				PRODUCT_BUNDLE_IDENTIFIER = com.prashant.JaonParsingUsingAF;
				PRODUCT_NAME = "$(TARGET_NAME)";
				SWIFT_OBJC_BRIDGING_HEADER = "/Users/prashant/Downloads/JaonParsingUsingAF/JaonParsingUsingAF/JaonParsingUsingAF-Bridging-Header.h";
				SWIFT_VERSION = 3.0;
			};
			name = Release;
		};
		8FE987C31EBF5BBC0024F86F /* Debug */ = {
			isa = XCBuildConfiguration;
			buildSettings = {
				ALWAYS_EMBED_SWIFT_STANDARD_LIBRARIES = YES;
				BUNDLE_LOADER = "$(TEST_HOST)";
				INFOPLIST_FILE = JaonParsingUsingAFTests/Info.plist;
				LD_RUNPATH_SEARCH_PATHS = "$(inherited) @executable_path/Frameworks @loader_path/Frameworks";
				PRODUCT_BUNDLE_IDENTIFIER = com.prashant.JaonParsingUsingAFTests;
				PRODUCT_NAME = "$(TARGET_NAME)";
				SWIFT_VERSION = 3.0;
				TEST_HOST = "$(BUILT_PRODUCTS_DIR)/JaonParsingUsingAF.app/JaonParsingUsingAF";
			};
			name = Debug;
		};
		8FE987C41EBF5BBC0024F86F /* Release */ = {
			isa = XCBuildConfiguration;
			buildSettings = {
				ALWAYS_EMBED_SWIFT_STANDARD_LIBRARIES = YES;
				BUNDLE_LOADER = "$(TEST_HOST)";
				INFOPLIST_FILE = JaonParsingUsingAFTests/Info.plist;
				LD_RUNPATH_SEARCH_PATHS = "$(inherited) @executable_path/Frameworks @loader_path/Frameworks";
				PRODUCT_BUNDLE_IDENTIFIER = com.prashant.JaonParsingUsingAFTests;
				PRODUCT_NAME = "$(TARGET_NAME)";
				SWIFT_VERSION = 3.0;
				TEST_HOST = "$(BUILT_PRODUCTS_DIR)/JaonParsingUsingAF.app/JaonParsingUsingAF";
			};
			name = Release;
		};
		8FE987C61EBF5BBC0024F86F /* Debug */ = {
			isa = XCBuildConfiguration;
			buildSettings = {
				ALWAYS_EMBED_SWIFT_STANDARD_LIBRARIES = YES;
				INFOPLIST_FILE = JaonParsingUsingAFUITests/Info.plist;
				LD_RUNPATH_SEARCH_PATHS = "$(inherited) @executable_path/Frameworks @loader_path/Frameworks";
				PRODUCT_BUNDLE_IDENTIFIER = com.prashant.JaonParsingUsingAFUITests;
				PRODUCT_NAME = "$(TARGET_NAME)";
				SWIFT_VERSION = 3.0;
				TEST_TARGET_NAME = JaonParsingUsingAF;
			};
			name = Debug;
		};
		8FE987C71EBF5BBC0024F86F /* Release */ = {
			isa = XCBuildConfiguration;
			buildSettings = {
				ALWAYS_EMBED_SWIFT_STANDARD_LIBRARIES = YES;
				INFOPLIST_FILE = JaonParsingUsingAFUITests/Info.plist;
				LD_RUNPATH_SEARCH_PATHS = "$(inherited) @executable_path/Frameworks @loader_path/Frameworks";
				PRODUCT_BUNDLE_IDENTIFIER = com.prashant.JaonParsingUsingAFUITests;
				PRODUCT_NAME = "$(TARGET_NAME)";
				SWIFT_VERSION = 3.0;
				TEST_TARGET_NAME = JaonParsingUsingAF;
			};
			name = Release;
		};
/* End XCBuildConfiguration section */

/* Begin XCConfigurationList section */
		8FE987921EBF5BBC0024F86F /* Build configuration list for PBXProject "JaonParsingUsingAF" */ = {
			isa = XCConfigurationList;
			buildConfigurations = (
				8FE987BD1EBF5BBC0024F86F /* Debug */,
				8FE987BE1EBF5BBC0024F86F /* Release */,
			);
			defaultConfigurationIsVisible = 0;
			defaultConfigurationName = Release;
		};
		8FE987BF1EBF5BBC0024F86F /* Build configuration list for PBXNativeTarget "JaonParsingUsingAF" */ = {
			isa = XCConfigurationList;
			buildConfigurations = (
				8FE987C01EBF5BBC0024F86F /* Debug */,
				8FE987C11EBF5BBC0024F86F /* Release */,
			);
			defaultConfigurationIsVisible = 0;
			defaultConfigurationName = Release;
		};
		8FE987C21EBF5BBC0024F86F /* Build configuration list for PBXNativeTarget "JaonParsingUsingAFTests" */ = {
			isa = XCConfigurationList;
			buildConfigurations = (
				8FE987C31EBF5BBC0024F86F /* Debug */,
				8FE987C41EBF5BBC0024F86F /* Release */,
			);
			defaultConfigurationIsVisible = 0;
			defaultConfigurationName = Release;
		};
		8FE987C51EBF5BBC0024F86F /* Build configuration list for PBXNativeTarget "JaonParsingUsingAFUITests" */ = {
			isa = XCConfigurationList;
			buildConfigurations = (
				8FE987C61EBF5BBC0024F86F /* Debug */,
				8FE987C71EBF5BBC0024F86F /* Release */,
			);
			defaultConfigurationIsVisible = 0;
			defaultConfigurationName = Release;
		};
/* End XCConfigurationList section */
	};
	rootObject = 8FE9878F1EBF5BBC0024F86F /* Project object */;
}
